
Microsoft Visual Studio Solution File, Format Version 12.00
Project("{FAE04EC0-301F-11D3-BF4B-00C04F79EFBC}") = "Adapter", "Adapter\Adapter.csproj", "{E30B1E8D-4D1A-448C-BEF4-2C306B4C6C78}"
EndProject
Project("{FAE04EC0-301F-11D3-BF4B-00C04F79EFBC}") = "Facade", "Facade\Facade.csproj", "{F8B385DE-FCE6-4E64-9A64-7CEB7B402D84}"
EndProject
Project("{FAE04EC0-301F-11D3-BF4B-00C04F79EFBC}") = "Iterator", "Iterator\Iterator.csproj", "{A4E89739-EB5E-4D56-AE80-A1DDA4576454}"
EndProject
Project("{FAE04EC0-301F-11D3-BF4B-00C04F79EFBC}") = "Singleton", "Singleton\Singleton.csproj", "{7D4D57D6-53C3-43C6-A345-EED403573D9B}"
EndProject
Project("{FAE04EC0-301F-11D3-BF4B-00C04F79EFBC}") = "Bridge", "Bridge\Bridge.csproj", "{2DD7E5D5-6F48-4B12-85CD-B094C9556F28}"
EndProject
Project("{FAE04EC0-301F-11D3-BF4B-00C04F79EFBC}") = "Strategy", "Strategy\Strategy.csproj", "{A3A3AD37-0AEF-421C-8407-6CA284861D3D}"
EndProject
Project("{FAE04EC0-301F-11D3-BF4B-00C04F79EFBC}") = "TemplateMethod", "TemplateMethod\TemplateMethod.csproj", "{9584D2AE-D173-4312-A85D-3B257E790F9E}"
EndProject
Project("{FAE04EC0-301F-11D3-BF4B-00C04F79EFBC}") = "Decorator", "Decorator\Decorator.csproj", "{EBDC1E2B-DFBD-4A44-9EEB-82A4790751F4}"
EndProject
Project("{FAE04EC0-301F-11D3-BF4B-00C04F79EFBC}") = "Composite", "Composite\Composite.csproj", "{F93856E2-C2BC-4AC3-8090-1020B04BA46C}"
EndProject
Project("{FAE04EC0-301F-11D3-BF4B-00C04F79EFBC}") = "AbstractFactory", "AbstractFactory\AbstractFactory.csproj", "{37CAC9C7-0582-4D89-9C3D-F033EA28E2B4}"
EndProject
Project("{FAE04EC0-301F-11D3-BF4B-00C04F79EFBC}") = "FactoryMethod", "FactoryMethod\FactoryMethod.csproj", "{51FE7E66-93DA-49CD-8EEC-3F59BD31C32F}"
EndProject
Project("{FAE04EC0-301F-11D3-BF4B-00C04F79EFBC}") = "Observer", "Observer\Observer.csproj", "{3323D68D-348B-4FD9-B36F-3546B33E7C97}"
EndProject
Project("{FAE04EC0-301F-11D3-BF4B-00C04F79EFBC}") = "Proxy", "Proxy\Proxy.csproj", "{E23241AF-1219-467C-B21B-52C0CA66DC8F}"
EndProject
Project("{FAE04EC0-301F-11D3-BF4B-00C04F79EFBC}") = "ChainOfResponsibility", "ChainOfResponsibility\ChainOfResponsibility.csproj", "{BA3EBCB5-2A8D-4A0D-B399-5A3890F63F69}"
EndProject
Global
	GlobalSection(SolutionConfigurationPlatforms) = preSolution
		Debug|Any CPU = Debug|Any CPU
		Release|Any CPU = Release|Any CPU
	EndGlobalSection
	GlobalSection(ProjectConfigurationPlatforms) = postSolution
		{E30B1E8D-4D1A-448C-BEF4-2C306B4C6C78}.Debug|Any CPU.ActiveCfg = Debug|Any CPU
		{E30B1E8D-4D1A-448C-BEF4-2C306B4C6C78}.Debug|Any CPU.Build.0 = Debug|Any CPU
		{E30B1E8D-4D1A-448C-BEF4-2C306B4C6C78}.Release|Any CPU.ActiveCfg = Release|Any CPU
		{E30B1E8D-4D1A-448C-BEF4-2C306B4C6C78}.Release|Any CPU.Build.0 = Release|Any CPU
		{F8B385DE-FCE6-4E64-9A64-7CEB7B402D84}.Debug|Any CPU.ActiveCfg = Debug|Any CPU
		{F8B385DE-FCE6-4E64-9A64-7CEB7B402D84}.Debug|Any CPU.Build.0 = Debug|Any CPU
		{F8B385DE-FCE6-4E64-9A64-7CEB7B402D84}.Release|Any CPU.ActiveCfg = Release|Any CPU
		{F8B385DE-FCE6-4E64-9A64-7CEB7B402D84}.Release|Any CPU.Build.0 = Release|Any CPU
		{A4E89739-EB5E-4D56-AE80-A1DDA4576454}.Debug|Any CPU.ActiveCfg = Debug|Any CPU
		{A4E89739-EB5E-4D56-AE80-A1DDA4576454}.Debug|Any CPU.Build.0 = Debug|Any CPU
		{A4E89739-EB5E-4D56-AE80-A1DDA4576454}.Release|Any CPU.ActiveCfg = Release|Any CPU
		{A4E89739-EB5E-4D56-AE80-A1DDA4576454}.Release|Any CPU.Build.0 = Release|Any CPU
		{7D4D57D6-53C3-43C6-A345-EED403573D9B}.Debug|Any CPU.ActiveCfg = Debug|Any CPU
		{7D4D57D6-53C3-43C6-A345-EED403573D9B}.Debug|Any CPU.Build.0 = Debug|Any CPU
		{7D4D57D6-53C3-43C6-A345-EED403573D9B}.Release|Any CPU.ActiveCfg = Release|Any CPU
		{7D4D57D6-53C3-43C6-A345-EED403573D9B}.Release|Any CPU.Build.0 = Release|Any CPU
		{2DD7E5D5-6F48-4B12-85CD-B094C9556F28}.Debug|Any CPU.ActiveCfg = Debug|Any CPU
		{2DD7E5D5-6F48-4B12-85CD-B094C9556F28}.Debug|Any CPU.Build.0 = Debug|Any CPU
		{2DD7E5D5-6F48-4B12-85CD-B094C9556F28}.Release|Any CPU.ActiveCfg = Release|Any CPU
		{2DD7E5D5-6F48-4B12-85CD-B094C9556F28}.Release|Any CPU.Build.0 = Release|Any CPU
		{A3A3AD37-0AEF-421C-8407-6CA284861D3D}.Debug|Any CPU.ActiveCfg = Debug|Any CPU
		{A3A3AD37-0AEF-421C-8407-6CA284861D3D}.Debug|Any CPU.Build.0 = Debug|Any CPU
		{A3A3AD37-0AEF-421C-8407-6CA284861D3D}.Release|Any CPU.ActiveCfg = Release|Any CPU
		{A3A3AD37-0AEF-421C-8407-6CA284861D3D}.Release|Any CPU.Build.0 = Release|Any CPU
		{9584D2AE-D173-4312-A85D-3B257E790F9E}.Debug|Any CPU.ActiveCfg = Debug|Any CPU
		{9584D2AE-D173-4312-A85D-3B257E790F9E}.Debug|Any CPU.Build.0 = Debug|Any CPU
		{9584D2AE-D173-4312-A85D-3B257E790F9E}.Release|Any CPU.ActiveCfg = Release|Any CPU
		{9584D2AE-D173-4312-A85D-3B257E790F9E}.Release|Any CPU.Build.0 = Release|Any CPU
		{EBDC1E2B-DFBD-4A44-9EEB-82A4790751F4}.Debug|Any CPU.ActiveCfg = Debug|Any CPU
		{EBDC1E2B-DFBD-4A44-9EEB-82A4790751F4}.Debug|Any CPU.Build.0 = Debug|Any CPU
		{EBDC1E2B-DFBD-4A44-9EEB-82A4790751F4}.Release|Any CPU.ActiveCfg = Release|Any CPU
		{EBDC1E2B-DFBD-4A44-9EEB-82A4790751F4}.Release|Any CPU.Build.0 = Release|Any CPU
		{F93856E2-C2BC-4AC3-8090-1020B04BA46C}.Debug|Any CPU.ActiveCfg = Debug|Any CPU
		{F93856E2-C2BC-4AC3-8090-1020B04BA46C}.Debug|Any CPU.Build.0 = Debug|Any CPU
		{F93856E2-C2BC-4AC3-8090-1020B04BA46C}.Release|Any CPU.ActiveCfg = Release|Any CPU
		{F93856E2-C2BC-4AC3-8090-1020B04BA46C}.Release|Any CPU.Build.0 = Release|Any CPU
		{37CAC9C7-0582-4D89-9C3D-F033EA28E2B4}.Debug|Any CPU.ActiveCfg = Debug|Any CPU
		{37CAC9C7-0582-4D89-9C3D-F033EA28E2B4}.Debug|Any CPU.Build.0 = Debug|Any CPU
		{37CAC9C7-0582-4D89-9C3D-F033EA28E2B4}.Release|Any CPU.ActiveCfg = Release|Any CPU
		{37CAC9C7-0582-4D89-9C3D-F033EA28E2B4}.Release|Any CPU.Build.0 = Release|Any CPU
		{51FE7E66-93DA-49CD-8EEC-3F59BD31C32F}.Debug|Any CPU.ActiveCfg = Debug|Any CPU
		{51FE7E66-93DA-49CD-8EEC-3F59BD31C32F}.Debug|Any CPU.Build.0 = Debug|Any CPU
		{51FE7E66-93DA-49CD-8EEC-3F59BD31C32F}.Release|Any CPU.ActiveCfg = Release|Any CPU
		{51FE7E66-93DA-49CD-8EEC-3F59BD31C32F}.Release|Any CPU.Build.0 = Release|Any CPU
		{3323D68D-348B-4FD9-B36F-3546B33E7C97}.Debug|Any CPU.ActiveCfg = Debug|Any CPU
		{3323D68D-348B-4FD9-B36F-3546B33E7C97}.Debug|Any CPU.Build.0 = Debug|Any CPU
		{3323D68D-348B-4FD9-B36F-3546B33E7C97}.Release|Any CPU.ActiveCfg = Release|Any CPU
		{3323D68D-348B-4FD9-B36F-3546B33E7C97}.Release|Any CPU.Build.0 = Release|Any CPU
		{E23241AF-1219-467C-B21B-52C0CA66DC8F}.Debug|Any CPU.ActiveCfg = Debug|Any CPU
		{E23241AF-1219-467C-B21B-52C0CA66DC8F}.Debug|Any CPU.Build.0 = Debug|Any CPU
		{E23241AF-1219-467C-B21B-52C0CA66DC8F}.Release|Any CPU.ActiveCfg = Release|Any CPU
		{E23241AF-1219-467C-B21B-52C0CA66DC8F}.Release|Any CPU.Build.0 = Release|Any CPU
		{BA3EBCB5-2A8D-4A0D-B399-5A3890F63F69}.Debug|Any CPU.ActiveCfg = Debug|Any CPU
		{BA3EBCB5-2A8D-4A0D-B399-5A3890F63F69}.Debug|Any CPU.Build.0 = Debug|Any CPU
		{BA3EBCB5-2A8D-4A0D-B399-5A3890F63F69}.Release|Any CPU.ActiveCfg = Release|Any CPU
		{BA3EBCB5-2A8D-4A0D-B399-5A3890F63F69}.Release|Any CPU.Build.0 = Release|Any CPU
	EndGlobalSection
EndGlobal
